
Microsoft Visual Studio Solution File, Format Version 12.00
# Visual Studio Version 16
VisualStudioVersion = 16.0.31613.86
MinimumVisualStudioVersion = 10.0.40219.1
Project("{FAE04EC0-301F-11D3-BF4B-00C04F79EFBC}") = "fahrenheitcelsius", "fahrenheitcelsius\fahrenheitcelsius.csproj", "{BB8FED80-DDBA-4E45-8633-03CCB886EAA8}"
EndProject
Global
	GlobalSection(SolutionConfigurationPlatforms) = preSolution
		Debug|Any CPU = Debug|Any CPU
		Release|Any CPU = Release|Any CPU
	EndGlobalSection
	GlobalSection(ProjectConfigurationPlatforms) = postSolution
		{BB8FED80-DDBA-4E45-8633-03CCB886EAA8}.Debug|Any CPU.ActiveCfg = Debug|Any CPU
		{BB8FED80-DDBA-4E45-8633-03CCB886EAA8}.Debug|Any CPU.Build.0 = Debug|Any CPU
		{BB8FED80-DDBA-4E45-8633-03CCB886EAA8}.Release|Any CPU.ActiveCfg = Release|Any CPU
		{BB8FED80-DDBA-4E45-8633-03CCB886EAA8}.Release|Any CPU.Build.0 = Release|Any CPU
	EndGlobalSection
	GlobalSection(SolutionProperties) = preSolution
		HideSolutionNode = FALSE
	EndGlobalSection
	GlobalSection(ExtensibilityGlobals) = postSolution
		SolutionGuid = {89FE2654-766E-450D-8991-F81FE04F8F77}
	EndGlobalSection
EndGlobal
