
Microsoft Visual Studio Solution File, Format Version 12.00
# Visual Studio Version 16
VisualStudioVersion = 16.0.31613.86
MinimumVisualStudioVersion = 10.0.40219.1
Project("{FAE04EC0-301F-11D3-BF4B-00C04F79EFBC}") = "numerosiguais", "numerosiguais\numerosiguais.csproj", "{633C6841-DC2A-4F58-9A7A-82B9F07A233B}"
EndProject
Global
	GlobalSection(SolutionConfigurationPlatforms) = preSolution
		Debug|Any CPU = Debug|Any CPU
		Release|Any CPU = Release|Any CPU
	EndGlobalSection
	GlobalSection(ProjectConfigurationPlatforms) = postSolution
		{633C6841-DC2A-4F58-9A7A-82B9F07A233B}.Debug|Any CPU.ActiveCfg = Debug|Any CPU
		{633C6841-DC2A-4F58-9A7A-82B9F07A233B}.Debug|Any CPU.Build.0 = Debug|Any CPU
		{633C6841-DC2A-4F58-9A7A-82B9F07A233B}.Release|Any CPU.ActiveCfg = Release|Any CPU
		{633C6841-DC2A-4F58-9A7A-82B9F07A233B}.Release|Any CPU.Build.0 = Release|Any CPU
	EndGlobalSection
	GlobalSection(SolutionProperties) = preSolution
		HideSolutionNode = FALSE
	EndGlobalSection
	GlobalSection(ExtensibilityGlobals) = postSolution
		SolutionGuid = {70353E0F-E876-41A6-BEB3-74E2968D6F1D}
	EndGlobalSection
EndGlobal
