
Microsoft Visual Studio Solution File, Format Version 12.00
# Visual Studio Version 16
VisualStudioVersion = 16.0.31613.86
MinimumVisualStudioVersion = 10.0.40219.1
Project("{FAE04EC0-301F-11D3-BF4B-00C04F79EFBC}") = "mediaalunonota", "mediaalunonota\mediaalunonota.csproj", "{C9BEB7BD-1AE5-42A1-8FD6-96A5D5EBF941}"
EndProject
Global
	GlobalSection(SolutionConfigurationPlatforms) = preSolution
		Debug|Any CPU = Debug|Any CPU
		Release|Any CPU = Release|Any CPU
	EndGlobalSection
	GlobalSection(ProjectConfigurationPlatforms) = postSolution
		{C9BEB7BD-1AE5-42A1-8FD6-96A5D5EBF941}.Debug|Any CPU.ActiveCfg = Debug|Any CPU
		{C9BEB7BD-1AE5-42A1-8FD6-96A5D5EBF941}.Debug|Any CPU.Build.0 = Debug|Any CPU
		{C9BEB7BD-1AE5-42A1-8FD6-96A5D5EBF941}.Release|Any CPU.ActiveCfg = Release|Any CPU
		{C9BEB7BD-1AE5-42A1-8FD6-96A5D5EBF941}.Release|Any CPU.Build.0 = Release|Any CPU
	EndGlobalSection
	GlobalSection(SolutionProperties) = preSolution
		HideSolutionNode = FALSE
	EndGlobalSection
	GlobalSection(ExtensibilityGlobals) = postSolution
		SolutionGuid = {6C9A070D-5577-4560-B0AD-CEBC56245DB4}
	EndGlobalSection
EndGlobal
