
Microsoft Visual Studio Solution File, Format Version 12.00
# Visual Studio Version 16
VisualStudioVersion = 16.0.31613.86
MinimumVisualStudioVersion = 10.0.40219.1
Project("{FAE04EC0-301F-11D3-BF4B-00C04F79EFBC}") = "Reajuste10porcento", "Reajuste10porcento\Reajuste10porcento.csproj", "{644FD639-CFC8-40E1-AA3A-C8504F8CB22C}"
EndProject
Global
	GlobalSection(SolutionConfigurationPlatforms) = preSolution
		Debug|Any CPU = Debug|Any CPU
		Release|Any CPU = Release|Any CPU
	EndGlobalSection
	GlobalSection(ProjectConfigurationPlatforms) = postSolution
		{644FD639-CFC8-40E1-AA3A-C8504F8CB22C}.Debug|Any CPU.ActiveCfg = Debug|Any CPU
		{644FD639-CFC8-40E1-AA3A-C8504F8CB22C}.Debug|Any CPU.Build.0 = Debug|Any CPU
		{644FD639-CFC8-40E1-AA3A-C8504F8CB22C}.Release|Any CPU.ActiveCfg = Release|Any CPU
		{644FD639-CFC8-40E1-AA3A-C8504F8CB22C}.Release|Any CPU.Build.0 = Release|Any CPU
	EndGlobalSection
	GlobalSection(SolutionProperties) = preSolution
		HideSolutionNode = FALSE
	EndGlobalSection
	GlobalSection(ExtensibilityGlobals) = postSolution
		SolutionGuid = {6CEFE533-B3E3-4C09-90A6-C60DE6C92D81}
	EndGlobalSection
EndGlobal
