
Microsoft Visual Studio Solution File, Format Version 12.00
# Visual Studio Version 16
VisualStudioVersion = 16.0.31613.86
MinimumVisualStudioVersion = 10.0.40219.1
Project("{FAE04EC0-301F-11D3-BF4B-00C04F79EFBC}") = "numerosmultiplos", "numerosmultiplos\numerosmultiplos.csproj", "{EEB9AF46-287B-4440-B566-8C9316DF50A5}"
EndProject
Global
	GlobalSection(SolutionConfigurationPlatforms) = preSolution
		Debug|Any CPU = Debug|Any CPU
		Release|Any CPU = Release|Any CPU
	EndGlobalSection
	GlobalSection(ProjectConfigurationPlatforms) = postSolution
		{EEB9AF46-287B-4440-B566-8C9316DF50A5}.Debug|Any CPU.ActiveCfg = Debug|Any CPU
		{EEB9AF46-287B-4440-B566-8C9316DF50A5}.Debug|Any CPU.Build.0 = Debug|Any CPU
		{EEB9AF46-287B-4440-B566-8C9316DF50A5}.Release|Any CPU.ActiveCfg = Release|Any CPU
		{EEB9AF46-287B-4440-B566-8C9316DF50A5}.Release|Any CPU.Build.0 = Release|Any CPU
	EndGlobalSection
	GlobalSection(SolutionProperties) = preSolution
		HideSolutionNode = FALSE
	EndGlobalSection
	GlobalSection(ExtensibilityGlobals) = postSolution
		SolutionGuid = {F0546631-0D74-4F85-B7A3-545AA2E34781}
	EndGlobalSection
EndGlobal
